filippo.io/edwards25519 v1.1.0 h1:FNf4tywRC1HmFuKW5xopWpigGjJKiJSV0Cqo0cJWDaA=
filippo.io/edwards25519 v1.1.0/go.mod h1:BxyFTGdWcka3PhytdK4V28tE5sGfRvvvRV7EaN4VDT4=
github.com/go-sql-driver/mysql v1.8.1 h1:LedoTUt/eveggdHS9qUFC1EFSa8bU2+1pZjSRpvNJ1Y=
github.com/go-sql-driver/mysql v1.8.1/go.mod h1:wEBSXgmK//2ZFJyE+qWnIsVGmvmEKlqwuVSjsCm7DZg=
github.com/google/uuid v1.6.0 h1:NIvaJDMOsjHA8n1jAhLSgzrAzy1Hgr+hNrb57e+94F0=
github.com/google/uuid v1.6.0/go.mod h1:TIyPZe4MgqvfeYDBFedMoGGpEw/LqOeaOT+nhxU+yHo=
github.com/gophercises/urlshort v0.0.0-20190723121003-cc800dbaf411 h1:jXluXk94Xa6OHiVJFuYsJFrCvcc87iAdOQMy6BCkQiw=
github.com/gophercises/urlshort v0.0.0-20190723121003-cc800dbaf411/go.mod h1:uSADXLeo9rvYEF7fbNcZ9/84Tk8j3gggJ/ha5iO21MI=
github.com/rb-go/namegen v1.1.0 h1:AmVdO2kM7ayaTRjpBSqKILAnT1xC4sKD01spJ7qnGbA=
github.com/rb-go/namegen v1.1.0/go.mod h1:whb/fzz/7xbi6EgHw/zOqPS150h2efUptbJh1XFGyhA=
go.bryk.io/pkg v0.0.0-20240525190736-488a668a3012 h1:bYodXWJxCy1Tb1vOZzNu9N9vwg5Mr+VoXFPJ8Afcs9k=
go.bryk.io/pkg v0.0.0-20240525190736-488a668a3012/go.mod h1:0NdKH101vR3KCtRUBTL55cQsMPpRo/PKwdPePw3RPOs=
gopkg.in/check.v1 v0.0.0-20161208181325-20d25e280405/go.mod h1:Co6ibVJAznAaIkqp8huTwlJQCZ016jof/cbN4VW5Yz0=
gopkg.in/yaml.v2 v2.4.0 h1:D8xgwECY7CYvx+Y2n4sBz93Jn9JRvxdiyyo8CTfuKaY=
gopkg.in/yaml.v2 v2.4.0/go.mod h1:RDklbk79AGWmwhnvt/jBztapEOGDOx6ZbXqjP6csGnQ=
